// !$*UTF8*$!
{
	archiveVersion = 1;
	classes = {
	};
	objectVersion = 56;
	objects = {

/* Begin PBXBuildFile section */
		0513BE772B2B464800FB61CF /* samplepoint.gpx in Resources */ = {isa = PBXBuildFile; fileRef = 0513BE762B2B464800FB61CF /* samplepoint.gpx */; };
		0536DD852B0BD11A00B04C4B /* LoginViewController.swift in Sources */ = {isa = PBXBuildFile; fileRef = 0536DD842B0BD11A00B04C4B /* LoginViewController.swift */; };
		0536DD8C2B0BD2C200B04C4B /* Constants.swift in Sources */ = {isa = PBXBuildFile; fileRef = 0536DD8B2B0BD2C200B04C4B /* Constants.swift */; };
		0536DD922B0BD58800B04C4B /* OAuthService.swift in Sources */ = {isa = PBXBuildFile; fileRef = 0536DD912B0BD58800B04C4B /* OAuthService.swift */; };
		0536DD942B0BD59900B04C4B /* OAuthError.swift in Sources */ = {isa = PBXBuildFile; fileRef = 0536DD932B0BD59900B04C4B /* OAuthError.swift */; };
		0536DD972B0BD95100B04C4B /* URLSession+Extension.swift in Sources */ = {isa = PBXBuildFile; fileRef = 0536DD962B0BD95100B04C4B /* URLSession+Extension.swift */; };
		0536DD992B0BDBFE00B04C4B /* OAuthManager.swift in Sources */ = {isa = PBXBuildFile; fileRef = 0536DD982B0BDBFE00B04C4B /* OAuthManager.swift */; };
		058EADD52B10DEAF0017E259 /* MapOverlay+UIViewRepresentable.swift in Sources */ = {isa = PBXBuildFile; fileRef = 058EADD42B10DEAF0017E259 /* MapOverlay+UIViewRepresentable.swift */; };
		058EADD82B10DF600017E259 /* IdentifiablePointAnnotation.swift in Sources */ = {isa = PBXBuildFile; fileRef = 058EADD72B10DF600017E259 /* IdentifiablePointAnnotation.swift */; };
		059D472E2B2C7FED000987FA /* SidewalkOverlay.swift in Sources */ = {isa = PBXBuildFile; fileRef = 059D472D2B2C7FED000987FA /* SidewalkOverlay.swift */; };
		059D47312B2C81A9000987FA /* Style.swift in Sources */ = {isa = PBXBuildFile; fileRef = 059D47302B2C81A9000987FA /* Style.swift */; };
		059D47332B2C83BA000987FA /* Highway.swift in Sources */ = {isa = PBXBuildFile; fileRef = 059D47322B2C83BA000987FA /* Highway.swift */; };
		05CB71E02B0FAFD200DED821 /* GenericUIViewControllerRepresentable.swift in Sources */ = {isa = PBXBuildFile; fileRef = 05CB71DF2B0FAFD200DED821 /* GenericUIViewControllerRepresentable.swift */; };
		05CB71EA2B0FBBDE00DED821 /* HomeMapView.swift in Sources */ = {isa = PBXBuildFile; fileRef = 05CB71E92B0FBBDE00DED821 /* HomeMapView.swift */; };
		05CB71EC2B0FBC0D00DED821 /* HomeMapViewModel.swift in Sources */ = {isa = PBXBuildFile; fileRef = 05CB71EB2B0FBC0D00DED821 /* HomeMapViewModel.swift */; };
		05DBBB5B2B11EC2A00B6F110 /* CustomCallOut.swift in Sources */ = {isa = PBXBuildFile; fileRef = 05DBBB5A2B11EC2A00B6F110 /* CustomCallOut.swift */; };
		05DBBB5D2B1262BA00B6F110 /* OverpassRepository.swift in Sources */ = {isa = PBXBuildFile; fileRef = 05DBBB5C2B1262BA00B6F110 /* OverpassRepository.swift */; };
		05DBBB5F2B1263FF00B6F110 /* DatabaseConnector.swift in Sources */ = {isa = PBXBuildFile; fileRef = 05DBBB5E2B1263FF00B6F110 /* DatabaseConnector.swift */; };
		05DBBB622B164D9A00B6F110 /* RealOPElement.swift in Sources */ = {isa = PBXBuildFile; fileRef = 05DBBB612B164D9A00B6F110 /* RealOPElement.swift */; };
		05DBBB642B17204300B6F110 /* RealmOPGeometry.swift in Sources */ = {isa = PBXBuildFile; fileRef = 05DBBB632B17204300B6F110 /* RealmOPGeometry.swift */; };
		05DBBB662B17209600B6F110 /* RealmOPMeta.swift in Sources */ = {isa = PBXBuildFile; fileRef = 05DBBB652B17209600B6F110 /* RealmOPMeta.swift */; };
		342561966FC217124BD9CFE7 /* Pods_GoInfoGame_GoInfoGameUITests.framework in Frameworks */ = {isa = PBXBuildFile; fileRef = 2D539E22EFF6636F8CBA035A /* Pods_GoInfoGame_GoInfoGameUITests.framework */; };
		74D8E739AE340D54DEF2E74C /* Pods_GoInfoGameTests.framework in Frameworks */ = {isa = PBXBuildFile; fileRef = 066F85ADCDCE7357368131F8 /* Pods_GoInfoGameTests.framework */; };
		972454152B14A49A0036B91A /* Extensions.swift in Sources */ = {isa = PBXBuildFile; fileRef = 972454142B14A49A0036B91A /* Extensions.swift */; };
		97F2FA8A2B0630A3000B9726 /* Pods_GoInfoGame.framework in Frameworks */ = {isa = PBXBuildFile; fileRef = 66BED441AF03CC04539E8D4A /* Pods_GoInfoGame.framework */; };
		97F2FA932B063C70000B9726 /* MapKitViewController_Deprecated.swift in Sources */ = {isa = PBXBuildFile; fileRef = 97F2FA912B063C70000B9726 /* MapKitViewController_Deprecated.swift */; };
		FAC9E60F2B04F9C800E2C608 /* OverpassRequestManager.swift in Sources */ = {isa = PBXBuildFile; fileRef = FAC9E60E2B04F9C800E2C608 /* OverpassRequestManager.swift */; };
		FAC9E6112B06811300E2C608 /* LocationManager.swift in Sources */ = {isa = PBXBuildFile; fileRef = FAC9E6102B06811300E2C608 /* LocationManager.swift */; };
		FAD5C4F32AFCBE700040C61A /* AppDelegate.swift in Sources */ = {isa = PBXBuildFile; fileRef = FAD5C4F22AFCBE700040C61A /* AppDelegate.swift */; };
		FAD5C4F52AFCBE700040C61A /* SceneDelegate.swift in Sources */ = {isa = PBXBuildFile; fileRef = FAD5C4F42AFCBE700040C61A /* SceneDelegate.swift */; };
		FAD5C4FA2AFCBE700040C61A /* Main.storyboard in Resources */ = {isa = PBXBuildFile; fileRef = FAD5C4F82AFCBE700040C61A /* Main.storyboard */; };
		FAD5C4FC2AFCBE720040C61A /* Assets.xcassets in Resources */ = {isa = PBXBuildFile; fileRef = FAD5C4FB2AFCBE720040C61A /* Assets.xcassets */; };
		FAD5C4FF2AFCBE720040C61A /* LaunchScreen.storyboard in Resources */ = {isa = PBXBuildFile; fileRef = FAD5C4FD2AFCBE720040C61A /* LaunchScreen.storyboard */; };
		FAD5C50A2AFCBE720040C61A /* GoInfoGameTests.swift in Sources */ = {isa = PBXBuildFile; fileRef = FAD5C5092AFCBE720040C61A /* GoInfoGameTests.swift */; };
		FAD5C5142AFCBE720040C61A /* GoInfoGameUITests.swift in Sources */ = {isa = PBXBuildFile; fileRef = FAD5C5132AFCBE720040C61A /* GoInfoGameUITests.swift */; };
		FAD5C5162AFCBE720040C61A /* GoInfoGameUITestsLaunchTests.swift in Sources */ = {isa = PBXBuildFile; fileRef = FAD5C5152AFCBE720040C61A /* GoInfoGameUITestsLaunchTests.swift */; };
/* End PBXBuildFile section */

/* Begin PBXContainerItemProxy section */
		FAD5C5062AFCBE720040C61A /* PBXContainerItemProxy */ = {
			isa = PBXContainerItemProxy;
			containerPortal = FAD5C4E72AFCBE700040C61A /* Project object */;
			proxyType = 1;
			remoteGlobalIDString = FAD5C4EE2AFCBE700040C61A;
			remoteInfo = GoInfoGame;
		};
		FAD5C5102AFCBE720040C61A /* PBXContainerItemProxy */ = {
			isa = PBXContainerItemProxy;
			containerPortal = FAD5C4E72AFCBE700040C61A /* Project object */;
			proxyType = 1;
			remoteGlobalIDString = FAD5C4EE2AFCBE700040C61A;
			remoteInfo = GoInfoGame;
		};
/* End PBXContainerItemProxy section */

/* Begin PBXFileReference section */
		0513BE762B2B464800FB61CF /* samplepoint.gpx */ = {isa = PBXFileReference; fileEncoding = 4; lastKnownFileType = text.xml; path = samplepoint.gpx; sourceTree = "<group>"; };
		0536DD842B0BD11A00B04C4B /* LoginViewController.swift */ = {isa = PBXFileReference; lastKnownFileType = sourcecode.swift; path = LoginViewController.swift; sourceTree = "<group>"; };
		0536DD8B2B0BD2C200B04C4B /* Constants.swift */ = {isa = PBXFileReference; lastKnownFileType = sourcecode.swift; path = Constants.swift; sourceTree = "<group>"; };
		0536DD912B0BD58800B04C4B /* OAuthService.swift */ = {isa = PBXFileReference; lastKnownFileType = sourcecode.swift; path = OAuthService.swift; sourceTree = "<group>"; };
		0536DD932B0BD59900B04C4B /* OAuthError.swift */ = {isa = PBXFileReference; lastKnownFileType = sourcecode.swift; path = OAuthError.swift; sourceTree = "<group>"; };
		0536DD962B0BD95100B04C4B /* URLSession+Extension.swift */ = {isa = PBXFileReference; lastKnownFileType = sourcecode.swift; path = "URLSession+Extension.swift"; sourceTree = "<group>"; };
		0536DD982B0BDBFE00B04C4B /* OAuthManager.swift */ = {isa = PBXFileReference; lastKnownFileType = sourcecode.swift; path = OAuthManager.swift; sourceTree = "<group>"; };
		058EADD42B10DEAF0017E259 /* MapOverlay+UIViewRepresentable.swift */ = {isa = PBXFileReference; lastKnownFileType = sourcecode.swift; path = "MapOverlay+UIViewRepresentable.swift"; sourceTree = "<group>"; };
		058EADD72B10DF600017E259 /* IdentifiablePointAnnotation.swift */ = {isa = PBXFileReference; lastKnownFileType = sourcecode.swift; path = IdentifiablePointAnnotation.swift; sourceTree = "<group>"; };
		059D472D2B2C7FED000987FA /* SidewalkOverlay.swift */ = {isa = PBXFileReference; lastKnownFileType = sourcecode.swift; path = SidewalkOverlay.swift; sourceTree = "<group>"; };
		059D47302B2C81A9000987FA /* Style.swift */ = {isa = PBXFileReference; lastKnownFileType = sourcecode.swift; path = Style.swift; sourceTree = "<group>"; };
		059D47322B2C83BA000987FA /* Highway.swift */ = {isa = PBXFileReference; lastKnownFileType = sourcecode.swift; path = Highway.swift; sourceTree = "<group>"; };
		05CB71DF2B0FAFD200DED821 /* GenericUIViewControllerRepresentable.swift */ = {isa = PBXFileReference; lastKnownFileType = sourcecode.swift; path = GenericUIViewControllerRepresentable.swift; sourceTree = "<group>"; };
		05CB71E92B0FBBDE00DED821 /* HomeMapView.swift */ = {isa = PBXFileReference; lastKnownFileType = sourcecode.swift; path = HomeMapView.swift; sourceTree = "<group>"; };
		05CB71EB2B0FBC0D00DED821 /* HomeMapViewModel.swift */ = {isa = PBXFileReference; lastKnownFileType = sourcecode.swift; path = HomeMapViewModel.swift; sourceTree = "<group>"; };
		05DBBB5A2B11EC2A00B6F110 /* CustomCallOut.swift */ = {isa = PBXFileReference; lastKnownFileType = sourcecode.swift; path = CustomCallOut.swift; sourceTree = "<group>"; };
		05DBBB5C2B1262BA00B6F110 /* OverpassRepository.swift */ = {isa = PBXFileReference; lastKnownFileType = sourcecode.swift; path = OverpassRepository.swift; sourceTree = "<group>"; };
		05DBBB5E2B1263FF00B6F110 /* DatabaseConnector.swift */ = {isa = PBXFileReference; lastKnownFileType = sourcecode.swift; path = DatabaseConnector.swift; sourceTree = "<group>"; };
		05DBBB612B164D9A00B6F110 /* RealOPElement.swift */ = {isa = PBXFileReference; lastKnownFileType = sourcecode.swift; path = RealOPElement.swift; sourceTree = "<group>"; };
		05DBBB632B17204300B6F110 /* RealmOPGeometry.swift */ = {isa = PBXFileReference; lastKnownFileType = sourcecode.swift; path = RealmOPGeometry.swift; sourceTree = "<group>"; };
		05DBBB652B17209600B6F110 /* RealmOPMeta.swift */ = {isa = PBXFileReference; lastKnownFileType = sourcecode.swift; path = RealmOPMeta.swift; sourceTree = "<group>"; };
		066F85ADCDCE7357368131F8 /* Pods_GoInfoGameTests.framework */ = {isa = PBXFileReference; explicitFileType = wrapper.framework; includeInIndex = 0; path = Pods_GoInfoGameTests.framework; sourceTree = BUILT_PRODUCTS_DIR; };
		2D539E22EFF6636F8CBA035A /* Pods_GoInfoGame_GoInfoGameUITests.framework */ = {isa = PBXFileReference; explicitFileType = wrapper.framework; includeInIndex = 0; path = Pods_GoInfoGame_GoInfoGameUITests.framework; sourceTree = BUILT_PRODUCTS_DIR; };
		3D797A45474D6135AFA24613 /* Pods-GoInfoGameTests.debug.xcconfig */ = {isa = PBXFileReference; includeInIndex = 1; lastKnownFileType = text.xcconfig; name = "Pods-GoInfoGameTests.debug.xcconfig"; path = "Target Support Files/Pods-GoInfoGameTests/Pods-GoInfoGameTests.debug.xcconfig"; sourceTree = "<group>"; };
		66BED441AF03CC04539E8D4A /* Pods_GoInfoGame.framework */ = {isa = PBXFileReference; explicitFileType = wrapper.framework; includeInIndex = 0; path = Pods_GoInfoGame.framework; sourceTree = BUILT_PRODUCTS_DIR; };
		89C2A88A7749F031BCDFE226 /* Pods-GoInfoGameTests.release.xcconfig */ = {isa = PBXFileReference; includeInIndex = 1; lastKnownFileType = text.xcconfig; name = "Pods-GoInfoGameTests.release.xcconfig"; path = "Target Support Files/Pods-GoInfoGameTests/Pods-GoInfoGameTests.release.xcconfig"; sourceTree = "<group>"; };
		972454142B14A49A0036B91A /* Extensions.swift */ = {isa = PBXFileReference; lastKnownFileType = sourcecode.swift; path = Extensions.swift; sourceTree = "<group>"; };
		97F2FA8D2B0630C4000B9726 /* SwiftOverpassAPI.framework */ = {isa = PBXFileReference; explicitFileType = wrapper.framework; path = SwiftOverpassAPI.framework; sourceTree = BUILT_PRODUCTS_DIR; };
		97F2FA912B063C70000B9726 /* MapKitViewController_Deprecated.swift */ = {isa = PBXFileReference; lastKnownFileType = sourcecode.swift; path = MapKitViewController_Deprecated.swift; sourceTree = "<group>"; };
		AE61EC473200AFDA81C2110A /* Pods-GoInfoGame-GoInfoGameUITests.release.xcconfig */ = {isa = PBXFileReference; includeInIndex = 1; lastKnownFileType = text.xcconfig; name = "Pods-GoInfoGame-GoInfoGameUITests.release.xcconfig"; path = "Target Support Files/Pods-GoInfoGame-GoInfoGameUITests/Pods-GoInfoGame-GoInfoGameUITests.release.xcconfig"; sourceTree = "<group>"; };
		C96303080D26026265099E0E /* Pods-GoInfoGame.release.xcconfig */ = {isa = PBXFileReference; includeInIndex = 1; lastKnownFileType = text.xcconfig; name = "Pods-GoInfoGame.release.xcconfig"; path = "Target Support Files/Pods-GoInfoGame/Pods-GoInfoGame.release.xcconfig"; sourceTree = "<group>"; };
		D76D8E22AC705A38AFEA78B1 /* Pods-GoInfoGame-GoInfoGameUITests.debug.xcconfig */ = {isa = PBXFileReference; includeInIndex = 1; lastKnownFileType = text.xcconfig; name = "Pods-GoInfoGame-GoInfoGameUITests.debug.xcconfig"; path = "Target Support Files/Pods-GoInfoGame-GoInfoGameUITests/Pods-GoInfoGame-GoInfoGameUITests.debug.xcconfig"; sourceTree = "<group>"; };
		F008D431593E568E75C48C84 /* Pods-GoInfoGame.debug.xcconfig */ = {isa = PBXFileReference; includeInIndex = 1; lastKnownFileType = text.xcconfig; name = "Pods-GoInfoGame.debug.xcconfig"; path = "Target Support Files/Pods-GoInfoGame/Pods-GoInfoGame.debug.xcconfig"; sourceTree = "<group>"; };
		FAC9E60E2B04F9C800E2C608 /* OverpassRequestManager.swift */ = {isa = PBXFileReference; lastKnownFileType = sourcecode.swift; path = OverpassRequestManager.swift; sourceTree = "<group>"; };
		FAC9E6102B06811300E2C608 /* LocationManager.swift */ = {isa = PBXFileReference; lastKnownFileType = sourcecode.swift; path = LocationManager.swift; sourceTree = "<group>"; };
		FAD5C4EF2AFCBE700040C61A /* GoInfoGame.app */ = {isa = PBXFileReference; explicitFileType = wrapper.application; includeInIndex = 0; path = GoInfoGame.app; sourceTree = BUILT_PRODUCTS_DIR; };
		FAD5C4F22AFCBE700040C61A /* AppDelegate.swift */ = {isa = PBXFileReference; lastKnownFileType = sourcecode.swift; path = AppDelegate.swift; sourceTree = "<group>"; };
		FAD5C4F42AFCBE700040C61A /* SceneDelegate.swift */ = {isa = PBXFileReference; lastKnownFileType = sourcecode.swift; path = SceneDelegate.swift; sourceTree = "<group>"; };
		FAD5C4F92AFCBE700040C61A /* Base */ = {isa = PBXFileReference; lastKnownFileType = file.storyboard; name = Base; path = Base.lproj/Main.storyboard; sourceTree = "<group>"; };
		FAD5C4FB2AFCBE720040C61A /* Assets.xcassets */ = {isa = PBXFileReference; lastKnownFileType = folder.assetcatalog; path = Assets.xcassets; sourceTree = "<group>"; };
		FAD5C4FE2AFCBE720040C61A /* Base */ = {isa = PBXFileReference; lastKnownFileType = file.storyboard; name = Base; path = Base.lproj/LaunchScreen.storyboard; sourceTree = "<group>"; };
		FAD5C5002AFCBE720040C61A /* Info.plist */ = {isa = PBXFileReference; lastKnownFileType = text.plist.xml; path = Info.plist; sourceTree = "<group>"; };
		FAD5C5052AFCBE720040C61A /* GoInfoGameTests.xctest */ = {isa = PBXFileReference; explicitFileType = wrapper.cfbundle; includeInIndex = 0; path = GoInfoGameTests.xctest; sourceTree = BUILT_PRODUCTS_DIR; };
		FAD5C5092AFCBE720040C61A /* GoInfoGameTests.swift */ = {isa = PBXFileReference; lastKnownFileType = sourcecode.swift; path = GoInfoGameTests.swift; sourceTree = "<group>"; };
		FAD5C50F2AFCBE720040C61A /* GoInfoGameUITests.xctest */ = {isa = PBXFileReference; explicitFileType = wrapper.cfbundle; includeInIndex = 0; path = GoInfoGameUITests.xctest; sourceTree = BUILT_PRODUCTS_DIR; };
		FAD5C5132AFCBE720040C61A /* GoInfoGameUITests.swift */ = {isa = PBXFileReference; lastKnownFileType = sourcecode.swift; path = GoInfoGameUITests.swift; sourceTree = "<group>"; };
		FAD5C5152AFCBE720040C61A /* GoInfoGameUITestsLaunchTests.swift */ = {isa = PBXFileReference; lastKnownFileType = sourcecode.swift; path = GoInfoGameUITestsLaunchTests.swift; sourceTree = "<group>"; };
/* End PBXFileReference section */

/* Begin PBXFrameworksBuildPhase section */
		FAD5C4EC2AFCBE700040C61A /* Frameworks */ = {
			isa = PBXFrameworksBuildPhase;
			buildActionMask = 2147483647;
			files = (
				97F2FA8A2B0630A3000B9726 /* Pods_GoInfoGame.framework in Frameworks */,
			);
			runOnlyForDeploymentPostprocessing = 0;
		};
		FAD5C5022AFCBE720040C61A /* Frameworks */ = {
			isa = PBXFrameworksBuildPhase;
			buildActionMask = 2147483647;
			files = (
				74D8E739AE340D54DEF2E74C /* Pods_GoInfoGameTests.framework in Frameworks */,
			);
			runOnlyForDeploymentPostprocessing = 0;
		};
		FAD5C50C2AFCBE720040C61A /* Frameworks */ = {
			isa = PBXFrameworksBuildPhase;
			buildActionMask = 2147483647;
			files = (
				342561966FC217124BD9CFE7 /* Pods_GoInfoGame_GoInfoGameUITests.framework in Frameworks */,
			);
			runOnlyForDeploymentPostprocessing = 0;
		};
/* End PBXFrameworksBuildPhase section */

/* Begin PBXGroup section */
		0536DD832B0BD0ED00B04C4B /* Login */ = {
			isa = PBXGroup;
			children = (
				0536DD902B0BD57500B04C4B /* OAuth */,
				0536DD842B0BD11A00B04C4B /* LoginViewController.swift */,
			);
			path = Login;
			sourceTree = "<group>";
		};
		0536DD862B0BD12E00B04C4B /* Map */ = {
			isa = PBXGroup;
			children = (
				058EADD62B10DF520017E259 /* Common */,
				058EADD32B10DE850017E259 /* Overlay */,
				97F2FA912B063C70000B9726 /* MapKitViewController_Deprecated.swift */,
				05CB71E92B0FBBDE00DED821 /* HomeMapView.swift */,
				05CB71EB2B0FBC0D00DED821 /* HomeMapViewModel.swift */,
			);
			path = Map;
			sourceTree = "<group>";
		};
		0536DD8A2B0BD2A900B04C4B /* Helpers */ = {
			isa = PBXGroup;
			children = (
				0536DD8B2B0BD2C200B04C4B /* Constants.swift */,
				972454142B14A49A0036B91A /* Extensions.swift */,
			);
			path = Helpers;
			sourceTree = "<group>";
		};
		0536DD902B0BD57500B04C4B /* OAuth */ = {
			isa = PBXGroup;
			children = (
				0536DD912B0BD58800B04C4B /* OAuthService.swift */,
				0536DD932B0BD59900B04C4B /* OAuthError.swift */,
				0536DD982B0BDBFE00B04C4B /* OAuthManager.swift */,
			);
			path = OAuth;
			sourceTree = "<group>";
		};
		0536DD952B0BD91F00B04C4B /* Network */ = {
			isa = PBXGroup;
			children = (
				0536DD962B0BD95100B04C4B /* URLSession+Extension.swift */,
			);
			path = Network;
			sourceTree = "<group>";
		};
		058EADD32B10DE850017E259 /* Overlay */ = {
			isa = PBXGroup;
			children = (
				058EADD42B10DEAF0017E259 /* MapOverlay+UIViewRepresentable.swift */,
			);
			path = Overlay;
			sourceTree = "<group>";
		};
		058EADD62B10DF520017E259 /* Common */ = {
			isa = PBXGroup;
			children = (
				058EADD72B10DF600017E259 /* IdentifiablePointAnnotation.swift */,
				05DBBB5A2B11EC2A00B6F110 /* CustomCallOut.swift */,
			);
			path = Common;
			sourceTree = "<group>";
		};
		058EADD92B10E02E0017E259 /* DataBase */ = {
			isa = PBXGroup;
			children = (
				05DBBB602B164D6F00B6F110 /* DBModels */,
				05DBBB5E2B1263FF00B6F110 /* DatabaseConnector.swift */,
			);
			path = DataBase;
			sourceTree = "<group>";
		};
		058EADDA2B10E09C0017E259 /* Repository */ = {
			isa = PBXGroup;
			children = (
				05DBBB5C2B1262BA00B6F110 /* OverpassRepository.swift */,
			);
			path = Repository;
			sourceTree = "<group>";
		};
		059D472F2B2C7FF3000987FA /* Overlay */ = {
			isa = PBXGroup;
			children = (
				059D472D2B2C7FED000987FA /* SidewalkOverlay.swift */,
				059D47302B2C81A9000987FA /* Style.swift */,
				059D47322B2C83BA000987FA /* Highway.swift */,
			);
			path = Overlay;
			sourceTree = "<group>";
		};
		05CB71DD2B0FAEC200DED821 /* UI */ = {
			isa = PBXGroup;
			children = (
				059D472F2B2C7FF3000987FA /* Overlay */,
				0536DD862B0BD12E00B04C4B /* Map */,
				0536DD832B0BD0ED00B04C4B /* Login */,
			);
			path = UI;
			sourceTree = "<group>";
		};
		05CB71DE2B0FAFAA00DED821 /* Bridges */ = {
			isa = PBXGroup;
			children = (
				05CB71DF2B0FAFD200DED821 /* GenericUIViewControllerRepresentable.swift */,
			);
			path = Bridges;
			sourceTree = "<group>";
		};
		05DBBB602B164D6F00B6F110 /* DBModels */ = {
			isa = PBXGroup;
			children = (
				05DBBB612B164D9A00B6F110 /* RealOPElement.swift */,
				05DBBB632B17204300B6F110 /* RealmOPGeometry.swift */,
				05DBBB652B17209600B6F110 /* RealmOPMeta.swift */,
			);
			path = DBModels;
			sourceTree = "<group>";
		};
		416A9A4590B07971607790B0 /* Frameworks */ = {
			isa = PBXGroup;
			children = (
				97F2FA8D2B0630C4000B9726 /* SwiftOverpassAPI.framework */,
				66BED441AF03CC04539E8D4A /* Pods_GoInfoGame.framework */,
				2D539E22EFF6636F8CBA035A /* Pods_GoInfoGame_GoInfoGameUITests.framework */,
				066F85ADCDCE7357368131F8 /* Pods_GoInfoGameTests.framework */,
			);
			name = Frameworks;
			sourceTree = "<group>";
		};
		542FC000DFD01277B18A7CDB /* Pods */ = {
			isa = PBXGroup;
			children = (
				F008D431593E568E75C48C84 /* Pods-GoInfoGame.debug.xcconfig */,
				C96303080D26026265099E0E /* Pods-GoInfoGame.release.xcconfig */,
				D76D8E22AC705A38AFEA78B1 /* Pods-GoInfoGame-GoInfoGameUITests.debug.xcconfig */,
				AE61EC473200AFDA81C2110A /* Pods-GoInfoGame-GoInfoGameUITests.release.xcconfig */,
				3D797A45474D6135AFA24613 /* Pods-GoInfoGameTests.debug.xcconfig */,
				89C2A88A7749F031BCDFE226 /* Pods-GoInfoGameTests.release.xcconfig */,
			);
			path = Pods;
			sourceTree = "<group>";
		};
		FAD5C4E62AFCBE700040C61A = {
			isa = PBXGroup;
			children = (
				FAD5C4F12AFCBE700040C61A /* GoInfoGame */,
				FAD5C5082AFCBE720040C61A /* GoInfoGameTests */,
				FAD5C5122AFCBE720040C61A /* GoInfoGameUITests */,
				FAD5C4F02AFCBE700040C61A /* Products */,
				542FC000DFD01277B18A7CDB /* Pods */,
				416A9A4590B07971607790B0 /* Frameworks */,
			);
			sourceTree = "<group>";
		};
		FAD5C4F02AFCBE700040C61A /* Products */ = {
			isa = PBXGroup;
			children = (
				FAD5C4EF2AFCBE700040C61A /* GoInfoGame.app */,
				FAD5C5052AFCBE720040C61A /* GoInfoGameTests.xctest */,
				FAD5C50F2AFCBE720040C61A /* GoInfoGameUITests.xctest */,
			);
			name = Products;
			sourceTree = "<group>";
		};
		FAD5C4F12AFCBE700040C61A /* GoInfoGame */ = {
			isa = PBXGroup;
			children = (
				FAD5C4F22AFCBE700040C61A /* AppDelegate.swift */,
				FAD5C4F42AFCBE700040C61A /* SceneDelegate.swift */,
				FAC9E60E2B04F9C800E2C608 /* OverpassRequestManager.swift */,
				FAC9E6102B06811300E2C608 /* LocationManager.swift */,
				05CB71DD2B0FAEC200DED821 /* UI */,
				05CB71DE2B0FAFAA00DED821 /* Bridges */,
				058EADD92B10E02E0017E259 /* DataBase */,
				058EADDA2B10E09C0017E259 /* Repository */,
				0536DD952B0BD91F00B04C4B /* Network */,
				0536DD8A2B0BD2A900B04C4B /* Helpers */,
				FAD5C4F82AFCBE700040C61A /* Main.storyboard */,
				FAD5C4FB2AFCBE720040C61A /* Assets.xcassets */,
				0513BE762B2B464800FB61CF /* samplepoint.gpx */,
				FAD5C4FD2AFCBE720040C61A /* LaunchScreen.storyboard */,
				FAD5C5002AFCBE720040C61A /* Info.plist */,
			);
			path = GoInfoGame;
			sourceTree = "<group>";
		};
		FAD5C5082AFCBE720040C61A /* GoInfoGameTests */ = {
			isa = PBXGroup;
			children = (
				FAD5C5092AFCBE720040C61A /* GoInfoGameTests.swift */,
			);
			path = GoInfoGameTests;
			sourceTree = "<group>";
		};
		FAD5C5122AFCBE720040C61A /* GoInfoGameUITests */ = {
			isa = PBXGroup;
			children = (
				FAD5C5132AFCBE720040C61A /* GoInfoGameUITests.swift */,
				FAD5C5152AFCBE720040C61A /* GoInfoGameUITestsLaunchTests.swift */,
			);
			path = GoInfoGameUITests;
			sourceTree = "<group>";
		};
/* End PBXGroup section */

/* Begin PBXNativeTarget section */
		FAD5C4EE2AFCBE700040C61A /* GoInfoGame */ = {
			isa = PBXNativeTarget;
			buildConfigurationList = FAD5C5192AFCBE720040C61A /* Build configuration list for PBXNativeTarget "GoInfoGame" */;
			buildPhases = (
				3A8B389D639C310AE1E29BEB /* [CP] Check Pods Manifest.lock */,
				FAD5C4EB2AFCBE700040C61A /* Sources */,
				FAD5C4EC2AFCBE700040C61A /* Frameworks */,
				FAD5C4ED2AFCBE700040C61A /* Resources */,
				04D7AD88F31E8154FD869DC0 /* [CP] Embed Pods Frameworks */,
			);
			buildRules = (
			);
			dependencies = (
			);
			name = GoInfoGame;
			productName = GoInfoGame;
			productReference = FAD5C4EF2AFCBE700040C61A /* GoInfoGame.app */;
			productType = "com.apple.product-type.application";
		};
		FAD5C5042AFCBE720040C61A /* GoInfoGameTests */ = {
			isa = PBXNativeTarget;
			buildConfigurationList = FAD5C51C2AFCBE720040C61A /* Build configuration list for PBXNativeTarget "GoInfoGameTests" */;
			buildPhases = (
				FF862D6335761A29040D8975 /* [CP] Check Pods Manifest.lock */,
				FAD5C5012AFCBE720040C61A /* Sources */,
				FAD5C5022AFCBE720040C61A /* Frameworks */,
				FAD5C5032AFCBE720040C61A /* Resources */,
			);
			buildRules = (
			);
			dependencies = (
				FAD5C5072AFCBE720040C61A /* PBXTargetDependency */,
			);
			name = GoInfoGameTests;
			productName = GoInfoGameTests;
			productReference = FAD5C5052AFCBE720040C61A /* GoInfoGameTests.xctest */;
			productType = "com.apple.product-type.bundle.unit-test";
		};
		FAD5C50E2AFCBE720040C61A /* GoInfoGameUITests */ = {
			isa = PBXNativeTarget;
			buildConfigurationList = FAD5C51F2AFCBE720040C61A /* Build configuration list for PBXNativeTarget "GoInfoGameUITests" */;
			buildPhases = (
				22470146F9BBAFA50CC4EEB4 /* [CP] Check Pods Manifest.lock */,
				FAD5C50B2AFCBE720040C61A /* Sources */,
				FAD5C50C2AFCBE720040C61A /* Frameworks */,
				FAD5C50D2AFCBE720040C61A /* Resources */,
				BB49C5A913AD6EC3010537CA /* [CP] Embed Pods Frameworks */,
			);
			buildRules = (
			);
			dependencies = (
				FAD5C5112AFCBE720040C61A /* PBXTargetDependency */,
			);
			name = GoInfoGameUITests;
			productName = GoInfoGameUITests;
			productReference = FAD5C50F2AFCBE720040C61A /* GoInfoGameUITests.xctest */;
			productType = "com.apple.product-type.bundle.ui-testing";
		};
/* End PBXNativeTarget section */

/* Begin PBXProject section */
		FAD5C4E72AFCBE700040C61A /* Project object */ = {
			isa = PBXProject;
			attributes = {
				BuildIndependentTargetsInParallel = 1;
				LastSwiftUpdateCheck = 1410;
				LastUpgradeCheck = 1410;
				TargetAttributes = {
					FAD5C4EE2AFCBE700040C61A = {
						CreatedOnToolsVersion = 14.1;
					};
					FAD5C5042AFCBE720040C61A = {
						CreatedOnToolsVersion = 14.1;
						TestTargetID = FAD5C4EE2AFCBE700040C61A;
					};
					FAD5C50E2AFCBE720040C61A = {
						CreatedOnToolsVersion = 14.1;
						TestTargetID = FAD5C4EE2AFCBE700040C61A;
					};
				};
			};
			buildConfigurationList = FAD5C4EA2AFCBE700040C61A /* Build configuration list for PBXProject "GoInfoGame" */;
			compatibilityVersion = "Xcode 14.0";
			developmentRegion = en;
			hasScannedForEncodings = 0;
			knownRegions = (
				en,
				Base,
			);
			mainGroup = FAD5C4E62AFCBE700040C61A;
			productRefGroup = FAD5C4F02AFCBE700040C61A /* Products */;
			projectDirPath = "";
			projectRoot = "";
			targets = (
				FAD5C4EE2AFCBE700040C61A /* GoInfoGame */,
				FAD5C5042AFCBE720040C61A /* GoInfoGameTests */,
				FAD5C50E2AFCBE720040C61A /* GoInfoGameUITests */,
			);
		};
/* End PBXProject section */

/* Begin PBXResourcesBuildPhase section */
		FAD5C4ED2AFCBE700040C61A /* Resources */ = {
			isa = PBXResourcesBuildPhase;
			buildActionMask = 2147483647;
			files = (
				0513BE772B2B464800FB61CF /* samplepoint.gpx in Resources */,
				FAD5C4FF2AFCBE720040C61A /* LaunchScreen.storyboard in Resources */,
				FAD5C4FC2AFCBE720040C61A /* Assets.xcassets in Resources */,
				FAD5C4FA2AFCBE700040C61A /* Main.storyboard in Resources */,
			);
			runOnlyForDeploymentPostprocessing = 0;
		};
		FAD5C5032AFCBE720040C61A /* Resources */ = {
			isa = PBXResourcesBuildPhase;
			buildActionMask = 2147483647;
			files = (
			);
			runOnlyForDeploymentPostprocessing = 0;
		};
		FAD5C50D2AFCBE720040C61A /* Resources */ = {
			isa = PBXResourcesBuildPhase;
			buildActionMask = 2147483647;
			files = (
			);
			runOnlyForDeploymentPostprocessing = 0;
		};
/* End PBXResourcesBuildPhase section */

/* Begin PBXShellScriptBuildPhase section */
		04D7AD88F31E8154FD869DC0 /* [CP] Embed Pods Frameworks */ = {
			isa = PBXShellScriptBuildPhase;
			buildActionMask = 2147483647;
			files = (
			);
			inputFileListPaths = (
				"${PODS_ROOT}/Target Support Files/Pods-GoInfoGame/Pods-GoInfoGame-frameworks-${CONFIGURATION}-input-files.xcfilelist",
			);
			name = "[CP] Embed Pods Frameworks";
			outputFileListPaths = (
				"${PODS_ROOT}/Target Support Files/Pods-GoInfoGame/Pods-GoInfoGame-frameworks-${CONFIGURATION}-output-files.xcfilelist",
			);
			runOnlyForDeploymentPostprocessing = 0;
			shellPath = /bin/sh;
			shellScript = "\"${PODS_ROOT}/Target Support Files/Pods-GoInfoGame/Pods-GoInfoGame-frameworks.sh\"\n";
			showEnvVarsInLog = 0;
		};
		22470146F9BBAFA50CC4EEB4 /* [CP] Check Pods Manifest.lock */ = {
			isa = PBXShellScriptBuildPhase;
			buildActionMask = 2147483647;
			files = (
			);
			inputFileListPaths = (
			);
			inputPaths = (
				"${PODS_PODFILE_DIR_PATH}/Podfile.lock",
				"${PODS_ROOT}/Manifest.lock",
			);
			name = "[CP] Check Pods Manifest.lock";
			outputFileListPaths = (
			);
			outputPaths = (
				"$(DERIVED_FILE_DIR)/Pods-GoInfoGame-GoInfoGameUITests-checkManifestLockResult.txt",
			);
			runOnlyForDeploymentPostprocessing = 0;
			shellPath = /bin/sh;
			shellScript = "diff \"${PODS_PODFILE_DIR_PATH}/Podfile.lock\" \"${PODS_ROOT}/Manifest.lock\" > /dev/null\nif [ $? != 0 ] ; then\n    # print error to STDERR\n    echo \"error: The sandbox is not in sync with the Podfile.lock. Run 'pod install' or update your CocoaPods installation.\" >&2\n    exit 1\nfi\n# This output is used by Xcode 'outputs' to avoid re-running this script phase.\necho \"SUCCESS\" > \"${SCRIPT_OUTPUT_FILE_0}\"\n";
			showEnvVarsInLog = 0;
		};
		3A8B389D639C310AE1E29BEB /* [CP] Check Pods Manifest.lock */ = {
			isa = PBXShellScriptBuildPhase;
			buildActionMask = 2147483647;
			files = (
			);
			inputFileListPaths = (
			);
			inputPaths = (
				"${PODS_PODFILE_DIR_PATH}/Podfile.lock",
				"${PODS_ROOT}/Manifest.lock",
			);
			name = "[CP] Check Pods Manifest.lock";
			outputFileListPaths = (
			);
			outputPaths = (
				"$(DERIVED_FILE_DIR)/Pods-GoInfoGame-checkManifestLockResult.txt",
			);
			runOnlyForDeploymentPostprocessing = 0;
			shellPath = /bin/sh;
			shellScript = "diff \"${PODS_PODFILE_DIR_PATH}/Podfile.lock\" \"${PODS_ROOT}/Manifest.lock\" > /dev/null\nif [ $? != 0 ] ; then\n    # print error to STDERR\n    echo \"error: The sandbox is not in sync with the Podfile.lock. Run 'pod install' or update your CocoaPods installation.\" >&2\n    exit 1\nfi\n# This output is used by Xcode 'outputs' to avoid re-running this script phase.\necho \"SUCCESS\" > \"${SCRIPT_OUTPUT_FILE_0}\"\n";
			showEnvVarsInLog = 0;
		};
		BB49C5A913AD6EC3010537CA /* [CP] Embed Pods Frameworks */ = {
			isa = PBXShellScriptBuildPhase;
			buildActionMask = 2147483647;
			files = (
			);
			inputFileListPaths = (
				"${PODS_ROOT}/Target Support Files/Pods-GoInfoGame-GoInfoGameUITests/Pods-GoInfoGame-GoInfoGameUITests-frameworks-${CONFIGURATION}-input-files.xcfilelist",
			);
			name = "[CP] Embed Pods Frameworks";
			outputFileListPaths = (
				"${PODS_ROOT}/Target Support Files/Pods-GoInfoGame-GoInfoGameUITests/Pods-GoInfoGame-GoInfoGameUITests-frameworks-${CONFIGURATION}-output-files.xcfilelist",
			);
			runOnlyForDeploymentPostprocessing = 0;
			shellPath = /bin/sh;
			shellScript = "\"${PODS_ROOT}/Target Support Files/Pods-GoInfoGame-GoInfoGameUITests/Pods-GoInfoGame-GoInfoGameUITests-frameworks.sh\"\n";
			showEnvVarsInLog = 0;
		};
		FF862D6335761A29040D8975 /* [CP] Check Pods Manifest.lock */ = {
			isa = PBXShellScriptBuildPhase;
			buildActionMask = 2147483647;
			files = (
			);
			inputFileListPaths = (
			);
			inputPaths = (
				"${PODS_PODFILE_DIR_PATH}/Podfile.lock",
				"${PODS_ROOT}/Manifest.lock",
			);
			name = "[CP] Check Pods Manifest.lock";
			outputFileListPaths = (
			);
			outputPaths = (
				"$(DERIVED_FILE_DIR)/Pods-GoInfoGameTests-checkManifestLockResult.txt",
			);
			runOnlyForDeploymentPostprocessing = 0;
			shellPath = /bin/sh;
			shellScript = "diff \"${PODS_PODFILE_DIR_PATH}/Podfile.lock\" \"${PODS_ROOT}/Manifest.lock\" > /dev/null\nif [ $? != 0 ] ; then\n    # print error to STDERR\n    echo \"error: The sandbox is not in sync with the Podfile.lock. Run 'pod install' or update your CocoaPods installation.\" >&2\n    exit 1\nfi\n# This output is used by Xcode 'outputs' to avoid re-running this script phase.\necho \"SUCCESS\" > \"${SCRIPT_OUTPUT_FILE_0}\"\n";
			showEnvVarsInLog = 0;
		};
/* End PBXShellScriptBuildPhase section */

/* Begin PBXSourcesBuildPhase section */
		FAD5C4EB2AFCBE700040C61A /* Sources */ = {
			isa = PBXSourcesBuildPhase;
			buildActionMask = 2147483647;
			files = (
				05DBBB5D2B1262BA00B6F110 /* OverpassRepository.swift in Sources */,
				0536DD852B0BD11A00B04C4B /* LoginViewController.swift in Sources */,
				97F2FA932B063C70000B9726 /* MapKitViewController_Deprecated.swift in Sources */,
				FAC9E6112B06811300E2C608 /* LocationManager.swift in Sources */,
				059D47312B2C81A9000987FA /* Style.swift in Sources */,
				059D47332B2C83BA000987FA /* Highway.swift in Sources */,
				058EADD82B10DF600017E259 /* IdentifiablePointAnnotation.swift in Sources */,
				05CB71E02B0FAFD200DED821 /* GenericUIViewControllerRepresentable.swift in Sources */,
				FAD5C4F32AFCBE700040C61A /* AppDelegate.swift in Sources */,
				05DBBB622B164D9A00B6F110 /* RealOPElement.swift in Sources */,
				FAC9E60F2B04F9C800E2C608 /* OverpassRequestManager.swift in Sources */,
				05DBBB642B17204300B6F110 /* RealmOPGeometry.swift in Sources */,
				0536DD922B0BD58800B04C4B /* OAuthService.swift in Sources */,
				05CB71EA2B0FBBDE00DED821 /* HomeMapView.swift in Sources */,
				05CB71EC2B0FBC0D00DED821 /* HomeMapViewModel.swift in Sources */,
				05DBBB5F2B1263FF00B6F110 /* DatabaseConnector.swift in Sources */,
				0536DD972B0BD95100B04C4B /* URLSession+Extension.swift in Sources */,
				05DBBB662B17209600B6F110 /* RealmOPMeta.swift in Sources */,
				0536DD942B0BD59900B04C4B /* OAuthError.swift in Sources */,
				FAD5C4F52AFCBE700040C61A /* SceneDelegate.swift in Sources */,
				972454152B14A49A0036B91A /* Extensions.swift in Sources */,
				0536DD8C2B0BD2C200B04C4B /* Constants.swift in Sources */,
				0536DD992B0BDBFE00B04C4B /* OAuthManager.swift in Sources */,
				058EADD52B10DEAF0017E259 /* MapOverlay+UIViewRepresentable.swift in Sources */,
				059D472E2B2C7FED000987FA /* SidewalkOverlay.swift in Sources */,
				05DBBB5B2B11EC2A00B6F110 /* CustomCallOut.swift in Sources */,
			);
			runOnlyForDeploymentPostprocessing = 0;
		};
		FAD5C5012AFCBE720040C61A /* Sources */ = {
			isa = PBXSourcesBuildPhase;
			buildActionMask = 2147483647;
			files = (
				FAD5C50A2AFCBE720040C61A /* GoInfoGameTests.swift in Sources */,
			);
			runOnlyForDeploymentPostprocessing = 0;
		};
		FAD5C50B2AFCBE720040C61A /* Sources */ = {
			isa = PBXSourcesBuildPhase;
			buildActionMask = 2147483647;
			files = (
				FAD5C5162AFCBE720040C61A /* GoInfoGameUITestsLaunchTests.swift in Sources */,
				FAD5C5142AFCBE720040C61A /* GoInfoGameUITests.swift in Sources */,
			);
			runOnlyForDeploymentPostprocessing = 0;
		};
/* End PBXSourcesBuildPhase section */

/* Begin PBXTargetDependency section */
		FAD5C5072AFCBE720040C61A /* PBXTargetDependency */ = {
			isa = PBXTargetDependency;
			target = FAD5C4EE2AFCBE700040C61A /* GoInfoGame */;
			targetProxy = FAD5C5062AFCBE720040C61A /* PBXContainerItemProxy */;
		};
		FAD5C5112AFCBE720040C61A /* PBXTargetDependency */ = {
			isa = PBXTargetDependency;
			target = FAD5C4EE2AFCBE700040C61A /* GoInfoGame */;
			targetProxy = FAD5C5102AFCBE720040C61A /* PBXContainerItemProxy */;
		};
/* End PBXTargetDependency section */

/* Begin PBXVariantGroup section */
		FAD5C4F82AFCBE700040C61A /* Main.storyboard */ = {
			isa = PBXVariantGroup;
			children = (
				FAD5C4F92AFCBE700040C61A /* Base */,
			);
			name = Main.storyboard;
			sourceTree = "<group>";
		};
		FAD5C4FD2AFCBE720040C61A /* LaunchScreen.storyboard */ = {
			isa = PBXVariantGroup;
			children = (
				FAD5C4FE2AFCBE720040C61A /* Base */,
			);
			name = LaunchScreen.storyboard;
			sourceTree = "<group>";
		};
/* End PBXVariantGroup section */

/* Begin XCBuildConfiguration section */
		FAD5C5172AFCBE720040C61A /* Debug */ = {
			isa = XCBuildConfiguration;
			buildSettings = {
				ALWAYS_SEARCH_USER_PATHS = NO;
				CLANG_ANALYZER_NONNULL = YES;
				CLANG_ANALYZER_NUMBER_OBJECT_CONVERSION = YES_AGGRESSIVE;
				CLANG_CXX_LANGUAGE_STANDARD = "gnu++20";
				CLANG_ENABLE_MODULES = YES;
				CLANG_ENABLE_OBJC_ARC = YES;
				CLANG_ENABLE_OBJC_WEAK = YES;
				CLANG_WARN_BLOCK_CAPTURE_AUTORELEASING = YES;
				CLANG_WARN_BOOL_CONVERSION = YES;
				CLANG_WARN_COMMA = YES;
				CLANG_WARN_CONSTANT_CONVERSION = YES;
				CLANG_WARN_DEPRECATED_OBJC_IMPLEMENTATIONS = YES;
				CLANG_WARN_DIRECT_OBJC_ISA_USAGE = YES_ERROR;
				CLANG_WARN_DOCUMENTATION_COMMENTS = YES;
				CLANG_WARN_EMPTY_BODY = YES;
				CLANG_WARN_ENUM_CONVERSION = YES;
				CLANG_WARN_INFINITE_RECURSION = YES;
				CLANG_WARN_INT_CONVERSION = YES;
				CLANG_WARN_NON_LITERAL_NULL_CONVERSION = YES;
				CLANG_WARN_OBJC_IMPLICIT_RETAIN_SELF = YES;
				CLANG_WARN_OBJC_LITERAL_CONVERSION = YES;
				CLANG_WARN_OBJC_ROOT_CLASS = YES_ERROR;
				CLANG_WARN_QUOTED_INCLUDE_IN_FRAMEWORK_HEADER = YES;
				CLANG_WARN_RANGE_LOOP_ANALYSIS = YES;
				CLANG_WARN_STRICT_PROTOTYPES = YES;
				CLANG_WARN_SUSPICIOUS_MOVE = YES;
				CLANG_WARN_UNGUARDED_AVAILABILITY = YES_AGGRESSIVE;
				CLANG_WARN_UNREACHABLE_CODE = YES;
				CLANG_WARN__DUPLICATE_METHOD_MATCH = YES;
				COPY_PHASE_STRIP = NO;
				DEBUG_INFORMATION_FORMAT = dwarf;
				ENABLE_STRICT_OBJC_MSGSEND = YES;
				ENABLE_TESTABILITY = YES;
				GCC_C_LANGUAGE_STANDARD = gnu11;
				GCC_DYNAMIC_NO_PIC = NO;
				GCC_NO_COMMON_BLOCKS = YES;
				GCC_OPTIMIZATION_LEVEL = 0;
				GCC_PREPROCESSOR_DEFINITIONS = (
					"DEBUG=1",
					"$(inherited)",
				);
				GCC_WARN_64_TO_32_BIT_CONVERSION = YES;
				GCC_WARN_ABOUT_RETURN_TYPE = YES_ERROR;
				GCC_WARN_UNDECLARED_SELECTOR = YES;
				GCC_WARN_UNINITIALIZED_AUTOS = YES_AGGRESSIVE;
				GCC_WARN_UNUSED_FUNCTION = YES;
				GCC_WARN_UNUSED_VARIABLE = YES;
				IPHONEOS_DEPLOYMENT_TARGET = 14.0;
				MTL_ENABLE_DEBUG_INFO = INCLUDE_SOURCE;
				MTL_FAST_MATH = YES;
				ONLY_ACTIVE_ARCH = YES;
				SDKROOT = iphoneos;
				SWIFT_ACTIVE_COMPILATION_CONDITIONS = DEBUG;
				SWIFT_OPTIMIZATION_LEVEL = "-Onone";
			};
			name = Debug;
		};
		FAD5C5182AFCBE720040C61A /* Release */ = {
			isa = XCBuildConfiguration;
			buildSettings = {
				ALWAYS_SEARCH_USER_PATHS = NO;
				CLANG_ANALYZER_NONNULL = YES;
				CLANG_ANALYZER_NUMBER_OBJECT_CONVERSION = YES_AGGRESSIVE;
				CLANG_CXX_LANGUAGE_STANDARD = "gnu++20";
				CLANG_ENABLE_MODULES = YES;
				CLANG_ENABLE_OBJC_ARC = YES;
				CLANG_ENABLE_OBJC_WEAK = YES;
				CLANG_WARN_BLOCK_CAPTURE_AUTORELEASING = YES;
				CLANG_WARN_BOOL_CONVERSION = YES;
				CLANG_WARN_COMMA = YES;
				CLANG_WARN_CONSTANT_CONVERSION = YES;
				CLANG_WARN_DEPRECATED_OBJC_IMPLEMENTATIONS = YES;
				CLANG_WARN_DIRECT_OBJC_ISA_USAGE = YES_ERROR;
				CLANG_WARN_DOCUMENTATION_COMMENTS = YES;
				CLANG_WARN_EMPTY_BODY = YES;
				CLANG_WARN_ENUM_CONVERSION = YES;
				CLANG_WARN_INFINITE_RECURSION = YES;
				CLANG_WARN_INT_CONVERSION = YES;
				CLANG_WARN_NON_LITERAL_NULL_CONVERSION = YES;
				CLANG_WARN_OBJC_IMPLICIT_RETAIN_SELF = YES;
				CLANG_WARN_OBJC_LITERAL_CONVERSION = YES;
				CLANG_WARN_OBJC_ROOT_CLASS = YES_ERROR;
				CLANG_WARN_QUOTED_INCLUDE_IN_FRAMEWORK_HEADER = YES;
				CLANG_WARN_RANGE_LOOP_ANALYSIS = YES;
				CLANG_WARN_STRICT_PROTOTYPES = YES;
				CLANG_WARN_SUSPICIOUS_MOVE = YES;
				CLANG_WARN_UNGUARDED_AVAILABILITY = YES_AGGRESSIVE;
				CLANG_WARN_UNREACHABLE_CODE = YES;
				CLANG_WARN__DUPLICATE_METHOD_MATCH = YES;
				COPY_PHASE_STRIP = NO;
				DEBUG_INFORMATION_FORMAT = "dwarf-with-dsym";
				ENABLE_NS_ASSERTIONS = NO;
				ENABLE_STRICT_OBJC_MSGSEND = YES;
				GCC_C_LANGUAGE_STANDARD = gnu11;
				GCC_NO_COMMON_BLOCKS = YES;
				GCC_WARN_64_TO_32_BIT_CONVERSION = YES;
				GCC_WARN_ABOUT_RETURN_TYPE = YES_ERROR;
				GCC_WARN_UNDECLARED_SELECTOR = YES;
				GCC_WARN_UNINITIALIZED_AUTOS = YES_AGGRESSIVE;
				GCC_WARN_UNUSED_FUNCTION = YES;
				GCC_WARN_UNUSED_VARIABLE = YES;
				IPHONEOS_DEPLOYMENT_TARGET = 14.0;
				MTL_ENABLE_DEBUG_INFO = NO;
				MTL_FAST_MATH = YES;
				SDKROOT = iphoneos;
				SWIFT_COMPILATION_MODE = wholemodule;
				SWIFT_OPTIMIZATION_LEVEL = "-O";
				VALIDATE_PRODUCT = YES;
			};
			name = Release;
		};
		FAD5C51A2AFCBE720040C61A /* Debug */ = {
			isa = XCBuildConfiguration;
			baseConfigurationReference = F008D431593E568E75C48C84 /* Pods-GoInfoGame.debug.xcconfig */;
			buildSettings = {
				ASSETCATALOG_COMPILER_APPICON_NAME = AppIcon;
				ASSETCATALOG_COMPILER_GLOBAL_ACCENT_COLOR_NAME = AccentColor;
				CODE_SIGN_STYLE = Automatic;
				CURRENT_PROJECT_VERSION = 1;
				DEVELOPMENT_TEAM = AZU4385ZVQ;
				GENERATE_INFOPLIST_FILE = YES;
				INFOPLIST_FILE = GoInfoGame/Info.plist;
				INFOPLIST_KEY_NSFileProviderDomainUsageDescription = "";
				INFOPLIST_KEY_NSLocationAlwaysAndWhenInUseUsageDescription = "We need your location";
				INFOPLIST_KEY_NSLocationWhenInUseUsageDescription = "We need your location";
				INFOPLIST_KEY_UIApplicationSupportsIndirectInputEvents = YES;
				INFOPLIST_KEY_UILaunchStoryboardName = LaunchScreen;
				INFOPLIST_KEY_UIMainStoryboardFile = Main;
				INFOPLIST_KEY_UISupportedInterfaceOrientations_iPad = "UIInterfaceOrientationPortrait UIInterfaceOrientationPortraitUpsideDown UIInterfaceOrientationLandscapeLeft UIInterfaceOrientationLandscapeRight";
				INFOPLIST_KEY_UISupportedInterfaceOrientations_iPhone = "UIInterfaceOrientationPortrait UIInterfaceOrientationLandscapeLeft UIInterfaceOrientationLandscapeRight";
				IPHONEOS_DEPLOYMENT_TARGET = 14.0;
				LD_RUNPATH_SEARCH_PATHS = (
					"$(inherited)",
					"@executable_path/Frameworks",
				);
				MARKETING_VERSION = 1.0;
				PRODUCT_BUNDLE_IDENTIFIER = com.taskar.GoInfoGame;
				PRODUCT_NAME = "$(TARGET_NAME)";
				SWIFT_EMIT_LOC_STRINGS = YES;
				SWIFT_VERSION = 5.0;
				TARGETED_DEVICE_FAMILY = "1,2";
			};
			name = Debug;
		};
		FAD5C51B2AFCBE720040C61A /* Release */ = {
			isa = XCBuildConfiguration;
			baseConfigurationReference = C96303080D26026265099E0E /* Pods-GoInfoGame.release.xcconfig */;
			buildSettings = {
				ASSETCATALOG_COMPILER_APPICON_NAME = AppIcon;
				ASSETCATALOG_COMPILER_GLOBAL_ACCENT_COLOR_NAME = AccentColor;
				CODE_SIGN_STYLE = Automatic;
				CURRENT_PROJECT_VERSION = 1;
				DEVELOPMENT_TEAM = AZU4385ZVQ;
				GENERATE_INFOPLIST_FILE = YES;
				INFOPLIST_FILE = GoInfoGame/Info.plist;
				INFOPLIST_KEY_NSFileProviderDomainUsageDescription = "";
				INFOPLIST_KEY_NSLocationAlwaysAndWhenInUseUsageDescription = "We need your location";
				INFOPLIST_KEY_NSLocationWhenInUseUsageDescription = "We need your location";
				INFOPLIST_KEY_UIApplicationSupportsIndirectInputEvents = YES;
				INFOPLIST_KEY_UILaunchStoryboardName = LaunchScreen;
				INFOPLIST_KEY_UIMainStoryboardFile = Main;
				INFOPLIST_KEY_UISupportedInterfaceOrientations_iPad = "UIInterfaceOrientationPortrait UIInterfaceOrientationPortraitUpsideDown UIInterfaceOrientationLandscapeLeft UIInterfaceOrientationLandscapeRight";
				INFOPLIST_KEY_UISupportedInterfaceOrientations_iPhone = "UIInterfaceOrientationPortrait UIInterfaceOrientationLandscapeLeft UIInterfaceOrientationLandscapeRight";
				IPHONEOS_DEPLOYMENT_TARGET = 14.0;
				LD_RUNPATH_SEARCH_PATHS = (
					"$(inherited)",
					"@executable_path/Frameworks",
				);
				MARKETING_VERSION = 1.0;
				PRODUCT_BUNDLE_IDENTIFIER = com.taskar.GoInfoGame;
				PRODUCT_NAME = "$(TARGET_NAME)";
				SWIFT_EMIT_LOC_STRINGS = YES;
				SWIFT_VERSION = 5.0;
				TARGETED_DEVICE_FAMILY = "1,2";
			};
			name = Release;
		};
		FAD5C51D2AFCBE720040C61A /* Debug */ = {
			isa = XCBuildConfiguration;
			baseConfigurationReference = 3D797A45474D6135AFA24613 /* Pods-GoInfoGameTests.debug.xcconfig */;
			buildSettings = {
				ALWAYS_EMBED_SWIFT_STANDARD_LIBRARIES = YES;
				BUNDLE_LOADER = "$(TEST_HOST)";
				CODE_SIGN_STYLE = Automatic;
				CURRENT_PROJECT_VERSION = 1;
				DEVELOPMENT_TEAM = AZU4385ZVQ;
				GENERATE_INFOPLIST_FILE = YES;
				IPHONEOS_DEPLOYMENT_TARGET = 16.1;
				MARKETING_VERSION = 1.0;
				PRODUCT_BUNDLE_IDENTIFIER = com.taskar.GoInfoGameTests;
				PRODUCT_NAME = "$(TARGET_NAME)";
				SWIFT_EMIT_LOC_STRINGS = NO;
				SWIFT_VERSION = 5.0;
				TARGETED_DEVICE_FAMILY = "1,2";
				TEST_HOST = "$(BUILT_PRODUCTS_DIR)/GoInfoGame.app/$(BUNDLE_EXECUTABLE_FOLDER_PATH)/GoInfoGame";
			};
			name = Debug;
		};
		FAD5C51E2AFCBE720040C61A /* Release */ = {
			isa = XCBuildConfiguration;
			baseConfigurationReference = 89C2A88A7749F031BCDFE226 /* Pods-GoInfoGameTests.release.xcconfig */;
			buildSettings = {
				ALWAYS_EMBED_SWIFT_STANDARD_LIBRARIES = YES;
				BUNDLE_LOADER = "$(TEST_HOST)";
				CODE_SIGN_STYLE = Automatic;
				CURRENT_PROJECT_VERSION = 1;
				DEVELOPMENT_TEAM = AZU4385ZVQ;
				GENERATE_INFOPLIST_FILE = YES;
				IPHONEOS_DEPLOYMENT_TARGET = 16.1;
				MARKETING_VERSION = 1.0;
				PRODUCT_BUNDLE_IDENTIFIER = com.taskar.GoInfoGameTests;
				PRODUCT_NAME = "$(TARGET_NAME)";
				SWIFT_EMIT_LOC_STRINGS = NO;
				SWIFT_VERSION = 5.0;
				TARGETED_DEVICE_FAMILY = "1,2";
				TEST_HOST = "$(BUILT_PRODUCTS_DIR)/GoInfoGame.app/$(BUNDLE_EXECUTABLE_FOLDER_PATH)/GoInfoGame";
			};
			name = Release;
		};
		FAD5C5202AFCBE720040C61A /* Debug */ = {
			isa = XCBuildConfiguration;
			baseConfigurationReference = D76D8E22AC705A38AFEA78B1 /* Pods-GoInfoGame-GoInfoGameUITests.debug.xcconfig */;
			buildSettings = {
				ALWAYS_EMBED_SWIFT_STANDARD_LIBRARIES = YES;
				CODE_SIGN_STYLE = Automatic;
				CURRENT_PROJECT_VERSION = 1;
				DEVELOPMENT_TEAM = AZU4385ZVQ;
				GENERATE_INFOPLIST_FILE = YES;
				MARKETING_VERSION = 1.0;
				PRODUCT_BUNDLE_IDENTIFIER = com.taskar.GoInfoGameUITests;
				PRODUCT_NAME = "$(TARGET_NAME)";
				SWIFT_EMIT_LOC_STRINGS = NO;
				SWIFT_VERSION = 5.0;
				TARGETED_DEVICE_FAMILY = "1,2";
				TEST_TARGET_NAME = GoInfoGame;
			};
			name = Debug;
		};
		FAD5C5212AFCBE720040C61A /* Release */ = {
			isa = XCBuildConfiguration;
			baseConfigurationReference = AE61EC473200AFDA81C2110A /* Pods-GoInfoGame-GoInfoGameUITests.release.xcconfig */;
			buildSettings = {
				ALWAYS_EMBED_SWIFT_STANDARD_LIBRARIES = YES;
				CODE_SIGN_STYLE = Automatic;
				CURRENT_PROJECT_VERSION = 1;
				DEVELOPMENT_TEAM = AZU4385ZVQ;
				GENERATE_INFOPLIST_FILE = YES;
				MARKETING_VERSION = 1.0;
				PRODUCT_BUNDLE_IDENTIFIER = com.taskar.GoInfoGameUITests;
				PRODUCT_NAME = "$(TARGET_NAME)";
				SWIFT_EMIT_LOC_STRINGS = NO;
				SWIFT_VERSION = 5.0;
				TARGETED_DEVICE_FAMILY = "1,2";
				TEST_TARGET_NAME = GoInfoGame;
			};
			name = Release;
		};
/* End XCBuildConfiguration section */

/* Begin XCConfigurationList section */
		FAD5C4EA2AFCBE700040C61A /* Build configuration list for PBXProject "GoInfoGame" */ = {
			isa = XCConfigurationList;
			buildConfigurations = (
				FAD5C5172AFCBE720040C61A /* Debug */,
				FAD5C5182AFCBE720040C61A /* Release */,
			);
			defaultConfigurationIsVisible = 0;
			defaultConfigurationName = Release;
		};
		FAD5C5192AFCBE720040C61A /* Build configuration list for PBXNativeTarget "GoInfoGame" */ = {
			isa = XCConfigurationList;
			buildConfigurations = (
				FAD5C51A2AFCBE720040C61A /* Debug */,
				FAD5C51B2AFCBE720040C61A /* Release */,
			);
			defaultConfigurationIsVisible = 0;
			defaultConfigurationName = Release;
		};
		FAD5C51C2AFCBE720040C61A /* Build configuration list for PBXNativeTarget "GoInfoGameTests" */ = {
			isa = XCConfigurationList;
			buildConfigurations = (
				FAD5C51D2AFCBE720040C61A /* Debug */,
				FAD5C51E2AFCBE720040C61A /* Release */,
			);
			defaultConfigurationIsVisible = 0;
			defaultConfigurationName = Release;
		};
		FAD5C51F2AFCBE720040C61A /* Build configuration list for PBXNativeTarget "GoInfoGameUITests" */ = {
			isa = XCConfigurationList;
			buildConfigurations = (
				FAD5C5202AFCBE720040C61A /* Debug */,
				FAD5C5212AFCBE720040C61A /* Release */,
			);
			defaultConfigurationIsVisible = 0;
			defaultConfigurationName = Release;
		};
/* End XCConfigurationList section */
	};
	rootObject = FAD5C4E72AFCBE700040C61A /* Project object */;
}
