{
  "originHash" : "ca1f97640592cfed254be1c2a932db42c18a41db0c55f6897baffc364cca8d2f",
  "pins" : [
    {
      "identity" : "clustermap",
      "kind" : "remoteSourceControl",
      "location" : "https://github.com/vospennikov/ClusterMap.git",
      "state" : {
        "revision" : "f3e60a742e6d3c149ce5d0c7424f373ef1b38140",
        "version" : "2.1.1"
      }
    },
    {
      "identity" : "ohhttpstubs",
      "kind" : "remoteSourceControl",
      "location" : "https://github.com/AliSoftware/OHHTTPStubs",
      "state" : {
        "revision" : "12f19662426d0434d6c330c6974d53e2eb10ecd9",
        "version" : "9.1.0"
      }
    }
  ],
  "version" : 3
}
