PODS:
  - Realm (10.44.0):
    - Realm/Headers (= 10.44.0)
  - Realm/Headers (10.44.0)
  - RealmSwift (10.44.0):
    - Realm (= 10.44.0)
  - SwiftOverpassAPI (0.1.3)

DEPENDENCIES:
  - RealmSwift
  - SwiftOverpassAPI

SPEC REPOS:
  trunk:
    - Realm
    - RealmSwift
    - SwiftOverpassAPI

SPEC CHECKSUMS:
  Realm: 0419a32457873acb720df25bf1d658df36967cf2
  RealmSwift: 352f85c018b4d0efe961974bfa95bf7a30e079f6
  SwiftOverpassAPI: c6e2f8a8c1caaaabd9f2df97433048ad49264fe5

PODFILE CHECKSUM: 92da2da5a3f10fd1089440cf587a6ae76da98128

COCOAPODS: 1.12.1
